<?xml version="1.0" encoding="UTF-8"?>
<!DOCTYPE plist PUBLIC "-//Apple//DTD PLIST 1.0//EN" "http://www.apple.com/DTDs/PropertyList-1.0.dtd">
<plist version="1.0">
<dict>
	<key>archiveVersion</key>
	<string>1</string>
	<key>classes</key>
	<dict/>
	<key>objectVersion</key>
	<string>46</string>
	<key>objects</key>
	<dict>
		<key>09EF00F391EA4C63878E7489</key>
		<dict>
			<key>buildActionMask</key>
			<string>2147483647</string>
			<key>files</key>
			<array/>
			<key>inputPaths</key>
			<array/>
			<key>isa</key>
			<string>PBXShellScriptBuildPhase</string>
			<key>name</key>
			<string>Copy Pods Resources</string>
			<key>outputPaths</key>
			<array/>
			<key>runOnlyForDeploymentPostprocessing</key>
			<string>0</string>
			<key>shellPath</key>
			<string>/bin/sh</string>
			<key>shellScript</key>
			<string>"${SRCROOT}/Pods/Pods-VENCalculatorInputViewSample-resources.sh"
</string>
			<key>showEnvVarsInLog</key>
			<string>0</string>
		</dict>
		<key>2CBB59849A1C47F0BF1325E8</key>
		<dict>
			<key>fileRef</key>
			<string>E99D08981FEF415990879498</string>
			<key>isa</key>
			<string>PBXBuildFile</string>
		</dict>
		<key>2D2AA7AEAC7741FCB800E285</key>
		<dict>
			<key>buildActionMask</key>
			<string>2147483647</string>
			<key>files</key>
			<array/>
			<key>inputPaths</key>
			<array/>
			<key>isa</key>
			<string>PBXShellScriptBuildPhase</string>
			<key>name</key>
			<string>Check Pods Manifest.lock</string>
			<key>outputPaths</key>
			<array/>
			<key>runOnlyForDeploymentPostprocessing</key>
			<string>0</string>
			<key>shellPath</key>
			<string>/bin/sh</string>
			<key>shellScript</key>
			<string>diff "${PODS_ROOT}/../Podfile.lock" "${PODS_ROOT}/Manifest.lock" &gt; /dev/null
if [[ $? != 0 ]] ; then
    cat &lt;&lt; EOM
error: The sandbox is not in sync with the Podfile.lock. Run 'pod install' or update your CocoaPods installation.
EOM
    exit 1
fi
</string>
			<key>showEnvVarsInLog</key>
			<string>0</string>
		</dict>
		<key>B64A633E18AAB0990091A465</key>
		<dict>
			<key>children</key>
			<array>
				<string>B64A635018AAB0990091A465</string>
				<string>B64A636F18AAB0990091A465</string>
				<string>B64A634918AAB0990091A465</string>
				<string>B64A634818AAB0990091A465</string>
				<string>E6EB89F5A1E94C7D980410B6</string>
			</array>
			<key>isa</key>
			<string>PBXGroup</string>
			<key>sourceTree</key>
			<string>&lt;group&gt;</string>
		</dict>
		<key>B64A633F18AAB0990091A465</key>
		<dict>
			<key>attributes</key>
			<dict>
				<key>CLASSPREFIX</key>
				<string>VEN</string>
				<key>LastUpgradeCheck</key>
				<string>0500</string>
				<key>ORGANIZATIONNAME</key>
				<string>Venmo</string>
				<key>TargetAttributes</key>
				<dict>
					<key>B64A636718AAB0990091A465</key>
					<dict>
						<key>TestTargetID</key>
						<string>B64A634618AAB0990091A465</string>
					</dict>
				</dict>
			</dict>
			<key>buildConfigurationList</key>
			<string>B64A634218AAB0990091A465</string>
			<key>compatibilityVersion</key>
			<string>Xcode 3.2</string>
			<key>developmentRegion</key>
			<string>English</string>
			<key>hasScannedForEncodings</key>
			<string>0</string>
			<key>isa</key>
			<string>PBXProject</string>
			<key>knownRegions</key>
			<array>
				<string>en</string>
				<string>Base</string>
			</array>
			<key>mainGroup</key>
			<string>B64A633E18AAB0990091A465</string>
			<key>productRefGroup</key>
			<string>B64A634818AAB0990091A465</string>
			<key>projectDirPath</key>
			<string></string>
			<key>projectReferences</key>
			<array/>
			<key>projectRoot</key>
			<string></string>
			<key>targets</key>
			<array>
				<string>B64A634618AAB0990091A465</string>
				<string>B64A636718AAB0990091A465</string>
			</array>
		</dict>
		<key>B64A634218AAB0990091A465</key>
		<dict>
			<key>buildConfigurations</key>
			<array>
				<string>B64A637718AAB09A0091A465</string>
				<string>B64A637818AAB09A0091A465</string>
			</array>
			<key>defaultConfigurationIsVisible</key>
			<string>0</string>
			<key>defaultConfigurationName</key>
			<string>Release</string>
			<key>isa</key>
			<string>XCConfigurationList</string>
		</dict>
		<key>B64A634318AAB0990091A465</key>
		<dict>
			<key>buildActionMask</key>
			<string>2147483647</string>
			<key>files</key>
			<array>
				<string>B64A636118AAB0990091A465</string>
				<string>B64A635B18AAB0990091A465</string>
				<string>B64A635718AAB0990091A465</string>
			</array>
			<key>isa</key>
			<string>PBXSourcesBuildPhase</string>
			<key>runOnlyForDeploymentPostprocessing</key>
			<string>0</string>
		</dict>
		<key>B64A634418AAB0990091A465</key>
		<dict>
			<key>buildActionMask</key>
			<string>2147483647</string>
			<key>files</key>
			<array>
				<string>B64A634D18AAB0990091A465</string>
				<string>B64A634F18AAB0990091A465</string>
				<string>B64A634B18AAB0990091A465</string>
				<string>2CBB59849A1C47F0BF1325E8</string>
			</array>
			<key>isa</key>
			<string>PBXFrameworksBuildPhase</string>
			<key>runOnlyForDeploymentPostprocessing</key>
			<string>0</string>
		</dict>
		<key>B64A634518AAB0990091A465</key>
		<dict>
			<key>buildActionMask</key>
			<string>2147483647</string>
			<key>files</key>
			<array>
				<string>B64A636318AAB0990091A465</string>
				<string>B64A635518AAB0990091A465</string>
				<string>B64A635E18AAB0990091A465</string>
			</array>
			<key>isa</key>
			<string>PBXResourcesBuildPhase</string>
			<key>runOnlyForDeploymentPostprocessing</key>
			<string>0</string>
		</dict>
		<key>B64A634618AAB0990091A465</key>
		<dict>
			<key>buildConfigurationList</key>
			<string>B64A637918AAB09A0091A465</string>
			<key>buildPhases</key>
			<array>
				<string>2D2AA7AEAC7741FCB800E285</string>
				<string>B64A634318AAB0990091A465</string>
				<string>B64A634418AAB0990091A465</string>
				<string>B64A634518AAB0990091A465</string>
				<string>09EF00F391EA4C63878E7489</string>
			</array>
			<key>buildRules</key>
			<array/>
			<key>dependencies</key>
			<array/>
			<key>isa</key>
			<string>PBXNativeTarget</string>
			<key>name</key>
			<string>VENCalculatorInputViewSample</string>
			<key>productName</key>
			<string>VENCalculatorInputViewSample</string>
			<key>productReference</key>
			<string>B64A634718AAB0990091A465</string>
			<key>productType</key>
			<string>com.apple.product-type.application</string>
		</dict>
		<key>B64A634718AAB0990091A465</key>
		<dict>
			<key>explicitFileType</key>
			<string>wrapper.application</string>
			<key>includeInIndex</key>
			<string>0</string>
			<key>isa</key>
			<string>PBXFileReference</string>
			<key>path</key>
			<string>VENCalculatorInputViewSample.app</string>
			<key>sourceTree</key>
			<string>BUILT_PRODUCTS_DIR</string>
		</dict>
		<key>B64A634818AAB0990091A465</key>
		<dict>
			<key>children</key>
			<array>
				<string>B64A634718AAB0990091A465</string>
				<string>B64A636818AAB0990091A465</string>
			</array>
			<key>isa</key>
			<string>PBXGroup</string>
			<key>name</key>
			<string>Products</string>
			<key>sourceTree</key>
			<string>&lt;group&gt;</string>
		</dict>
		<key>B64A634918AAB0990091A465</key>
		<dict>
			<key>children</key>
			<array>
				<string>B64A634A18AAB0990091A465</string>
				<string>B64A634C18AAB0990091A465</string>
				<string>B64A634E18AAB0990091A465</string>
				<string>B64A636918AAB0990091A465</string>
				<string>E99D08981FEF415990879498</string>
			</array>
			<key>isa</key>
			<string>PBXGroup</string>
			<key>name</key>
			<string>Frameworks</string>
			<key>sourceTree</key>
			<string>&lt;group&gt;</string>
		</dict>
		<key>B64A634A18AAB0990091A465</key>
		<dict>
			<key>isa</key>
			<string>PBXFileReference</string>
			<key>lastKnownFileType</key>
			<string>wrapper.framework</string>
			<key>name</key>
			<string>Foundation.framework</string>
			<key>path</key>
			<string>System/Library/Frameworks/Foundation.framework</string>
			<key>sourceTree</key>
			<string>SDKROOT</string>
		</dict>
		<key>B64A634B18AAB0990091A465</key>
		<dict>
			<key>fileRef</key>
			<string>B64A634A18AAB0990091A465</string>
			<key>isa</key>
			<string>PBXBuildFile</string>
		</dict>
		<key>B64A634C18AAB0990091A465</key>
		<dict>
			<key>isa</key>
			<string>PBXFileReference</string>
			<key>lastKnownFileType</key>
			<string>wrapper.framework</string>
			<key>name</key>
			<string>CoreGraphics.framework</string>
			<key>path</key>
			<string>System/Library/Frameworks/CoreGraphics.framework</string>
			<key>sourceTree</key>
			<string>SDKROOT</string>
		</dict>
		<key>B64A634D18AAB0990091A465</key>
		<dict>
			<key>fileRef</key>
			<string>B64A634C18AAB0990091A465</string>
			<key>isa</key>
			<string>PBXBuildFile</string>
		</dict>
		<key>B64A634E18AAB0990091A465</key>
		<dict>
			<key>isa</key>
			<string>PBXFileReference</string>
			<key>lastKnownFileType</key>
			<string>wrapper.framework</string>
			<key>name</key>
			<string>UIKit.framework</string>
			<key>path</key>
			<string>System/Library/Frameworks/UIKit.framework</string>
			<key>sourceTree</key>
			<string>SDKROOT</string>
		</dict>
		<key>B64A634F18AAB0990091A465</key>
		<dict>
			<key>fileRef</key>
			<string>B64A634E18AAB0990091A465</string>
			<key>isa</key>
			<string>PBXBuildFile</string>
		</dict>
		<key>B64A635018AAB0990091A465</key>
		<dict>
			<key>children</key>
			<array>
				<string>B64A635918AAB0990091A465</string>
				<string>B64A635A18AAB0990091A465</string>
				<string>B64A635C18AAB0990091A465</string>
				<string>B64A635F18AAB0990091A465</string>
				<string>B64A636018AAB0990091A465</string>
				<string>B64A636218AAB0990091A465</string>
				<string>B64A635118AAB0990091A465</string>
			</array>
			<key>isa</key>
			<string>PBXGroup</string>
			<key>path</key>
			<string>VENCalculatorInputViewSample</string>
			<key>sourceTree</key>
			<string>&lt;group&gt;</string>
		</dict>
		<key>B64A635118AAB0990091A465</key>
		<dict>
			<key>children</key>
			<array>
				<string>B64A635218AAB0990091A465</string>
				<string>B64A635318AAB0990091A465</string>
				<string>B64A635618AAB0990091A465</string>
				<string>B64A635818AAB0990091A465</string>
			</array>
			<key>isa</key>
			<string>PBXGroup</string>
			<key>name</key>
			<string>Supporting Files</string>
			<key>sourceTree</key>
			<string>&lt;group&gt;</string>
		</dict>
		<key>B64A635218AAB0990091A465</key>
		<dict>
			<key>isa</key>
			<string>PBXFileReference</string>
			<key>lastKnownFileType</key>
			<string>text.plist.xml</string>
			<key>path</key>
			<string>VENCalculatorInputViewSample-Info.plist</string>
			<key>sourceTree</key>
			<string>&lt;group&gt;</string>
		</dict>
		<key>B64A635318AAB0990091A465</key>
		<dict>
			<key>children</key>
			<array>
				<string>B64A635418AAB0990091A465</string>
			</array>
			<key>isa</key>
			<string>PBXVariantGroup</string>
			<key>name</key>
			<string>InfoPlist.strings</string>
			<key>sourceTree</key>
			<string>&lt;group&gt;</string>
		</dict>
		<key>B64A635418AAB0990091A465</key>
		<dict>
			<key>isa</key>
			<string>PBXFileReference</string>
			<key>lastKnownFileType</key>
			<string>text.plist.strings</string>
			<key>name</key>
			<string>en</string>
			<key>path</key>
			<string>en.lproj/InfoPlist.strings</string>
			<key>sourceTree</key>
			<string>&lt;group&gt;</string>
		</dict>
		<key>B64A635518AAB0990091A465</key>
		<dict>
			<key>fileRef</key>
			<string>B64A635318AAB0990091A465</string>
			<key>isa</key>
			<string>PBXBuildFile</string>
		</dict>
		<key>B64A635618AAB0990091A465</key>
		<dict>
			<key>isa</key>
			<string>PBXFileReference</string>
			<key>lastKnownFileType</key>
			<string>sourcecode.c.objc</string>
			<key>path</key>
			<string>main.m</string>
			<key>sourceTree</key>
			<string>&lt;group&gt;</string>
		</dict>
		<key>B64A635718AAB0990091A465</key>
		<dict>
			<key>fileRef</key>
			<string>B64A635618AAB0990091A465</string>
			<key>isa</key>
			<string>PBXBuildFile</string>
		</dict>
		<key>B64A635818AAB0990091A465</key>
		<dict>
			<key>isa</key>
			<string>PBXFileReference</string>
			<key>lastKnownFileType</key>
			<string>sourcecode.c.h</string>
			<key>path</key>
			<string>VENCalculatorInputViewSample-Prefix.pch</string>
			<key>sourceTree</key>
			<string>&lt;group&gt;</string>
		</dict>
		<key>B64A635918AAB0990091A465</key>
		<dict>
			<key>isa</key>
			<string>PBXFileReference</string>
			<key>lastKnownFileType</key>
			<string>sourcecode.c.h</string>
			<key>path</key>
			<string>VENAppDelegate.h</string>
			<key>sourceTree</key>
			<string>&lt;group&gt;</string>
		</dict>
		<key>B64A635A18AAB0990091A465</key>
		<dict>
			<key>isa</key>
			<string>PBXFileReference</string>
			<key>lastKnownFileType</key>
			<string>sourcecode.c.objc</string>
			<key>path</key>
			<string>VENAppDelegate.m</string>
			<key>sourceTree</key>
			<string>&lt;group&gt;</string>
		</dict>
		<key>B64A635B18AAB0990091A465</key>
		<dict>
			<key>fileRef</key>
			<string>B64A635A18AAB0990091A465</string>
			<key>isa</key>
			<string>PBXBuildFile</string>
		</dict>
		<key>B64A635C18AAB0990091A465</key>
		<dict>
			<key>children</key>
			<array>
				<string>B64A635D18AAB0990091A465</string>
			</array>
			<key>isa</key>
			<string>PBXVariantGroup</string>
			<key>name</key>
			<string>Main.storyboard</string>
			<key>sourceTree</key>
			<string>&lt;group&gt;</string>
		</dict>
		<key>B64A635D18AAB0990091A465</key>
		<dict>
			<key>isa</key>
			<string>PBXFileReference</string>
			<key>lastKnownFileType</key>
			<string>file.storyboard</string>
			<key>name</key>
			<string>Base</string>
			<key>path</key>
			<string>Base.lproj/Main.storyboard</string>
			<key>sourceTree</key>
			<string>&lt;group&gt;</string>
		</dict>
		<key>B64A635E18AAB0990091A465</key>
		<dict>
			<key>fileRef</key>
			<string>B64A635C18AAB0990091A465</string>
			<key>isa</key>
			<string>PBXBuildFile</string>
		</dict>
		<key>B64A635F18AAB0990091A465</key>
		<dict>
			<key>isa</key>
			<string>PBXFileReference</string>
			<key>lastKnownFileType</key>
			<string>sourcecode.c.h</string>
			<key>path</key>
			<string>VENViewController.h</string>
			<key>sourceTree</key>
			<string>&lt;group&gt;</string>
		</dict>
		<key>B64A636018AAB0990091A465</key>
		<dict>
			<key>isa</key>
			<string>PBXFileReference</string>
			<key>lastKnownFileType</key>
			<string>sourcecode.c.objc</string>
			<key>path</key>
			<string>VENViewController.m</string>
			<key>sourceTree</key>
			<string>&lt;group&gt;</string>
		</dict>
		<key>B64A636118AAB0990091A465</key>
		<dict>
			<key>fileRef</key>
			<string>B64A636018AAB0990091A465</string>
			<key>isa</key>
			<string>PBXBuildFile</string>
		</dict>
		<key>B64A636218AAB0990091A465</key>
		<dict>
			<key>isa</key>
			<string>PBXFileReference</string>
			<key>lastKnownFileType</key>
			<string>folder.assetcatalog</string>
			<key>path</key>
			<string>Images.xcassets</string>
			<key>sourceTree</key>
			<string>&lt;group&gt;</string>
		</dict>
		<key>B64A636318AAB0990091A465</key>
		<dict>
			<key>fileRef</key>
			<string>B64A636218AAB0990091A465</string>
			<key>isa</key>
			<string>PBXBuildFile</string>
		</dict>
		<key>B64A636418AAB0990091A465</key>
		<dict>
			<key>buildActionMask</key>
			<string>2147483647</string>
			<key>files</key>
			<array>
				<string>B64A637618AAB09A0091A465</string>
			</array>
			<key>isa</key>
			<string>PBXSourcesBuildPhase</string>
			<key>runOnlyForDeploymentPostprocessing</key>
			<string>0</string>
		</dict>
		<key>B64A636518AAB0990091A465</key>
		<dict>
			<key>buildActionMask</key>
			<string>2147483647</string>
			<key>files</key>
			<array>
				<string>B64A636A18AAB0990091A465</string>
				<string>B64A636C18AAB0990091A465</string>
				<string>B64A636B18AAB0990091A465</string>
			</array>
			<key>isa</key>
			<string>PBXFrameworksBuildPhase</string>
			<key>runOnlyForDeploymentPostprocessing</key>
			<string>0</string>
		</dict>
		<key>B64A636618AAB0990091A465</key>
		<dict>
			<key>buildActionMask</key>
			<string>2147483647</string>
			<key>files</key>
			<array>
				<string>B64A637418AAB09A0091A465</string>
			</array>
			<key>isa</key>
			<string>PBXResourcesBuildPhase</string>
			<key>runOnlyForDeploymentPostprocessing</key>
			<string>0</string>
		</dict>
		<key>B64A636718AAB0990091A465</key>
		<dict>
			<key>buildConfigurationList</key>
			<string>B64A637C18AAB09A0091A465</string>
			<key>buildPhases</key>
			<array>
				<string>B64A636418AAB0990091A465</string>
				<string>B64A636518AAB0990091A465</string>
				<string>B64A636618AAB0990091A465</string>
			</array>
			<key>buildRules</key>
			<array/>
			<key>dependencies</key>
			<array>
				<string>B64A636E18AAB0990091A465</string>
			</array>
			<key>isa</key>
			<string>PBXNativeTarget</string>
			<key>name</key>
			<string>VENCalculatorInputViewSampleTests</string>
			<key>productName</key>
			<string>VENCalculatorInputViewSampleTests</string>
			<key>productReference</key>
			<string>B64A636818AAB0990091A465</string>
			<key>productType</key>
			<string>com.apple.product-type.bundle.unit-test</string>
		</dict>
		<key>B64A636818AAB0990091A465</key>
		<dict>
			<key>explicitFileType</key>
			<string>wrapper.cfbundle</string>
			<key>includeInIndex</key>
			<string>0</string>
			<key>isa</key>
			<string>PBXFileReference</string>
			<key>path</key>
			<string>VENCalculatorInputViewSampleTests.xctest</string>
			<key>sourceTree</key>
			<string>BUILT_PRODUCTS_DIR</string>
		</dict>
		<key>B64A636918AAB0990091A465</key>
		<dict>
			<key>isa</key>
			<string>PBXFileReference</string>
			<key>lastKnownFileType</key>
			<string>wrapper.framework</string>
			<key>name</key>
			<string>XCTest.framework</string>
			<key>path</key>
			<string>Library/Frameworks/XCTest.framework</string>
			<key>sourceTree</key>
			<string>DEVELOPER_DIR</string>
		</dict>
		<key>B64A636A18AAB0990091A465</key>
		<dict>
			<key>fileRef</key>
			<string>B64A636918AAB0990091A465</string>
			<key>isa</key>
			<string>PBXBuildFile</string>
		</dict>
		<key>B64A636B18AAB0990091A465</key>
		<dict>
			<key>fileRef</key>
			<string>B64A634A18AAB0990091A465</string>
			<key>isa</key>
			<string>PBXBuildFile</string>
		</dict>
		<key>B64A636C18AAB0990091A465</key>
		<dict>
			<key>fileRef</key>
			<string>B64A634E18AAB0990091A465</string>
			<key>isa</key>
			<string>PBXBuildFile</string>
		</dict>
		<key>B64A636D18AAB0990091A465</key>
		<dict>
			<key>containerPortal</key>
			<string>B64A633F18AAB0990091A465</string>
			<key>isa</key>
			<string>PBXContainerItemProxy</string>
			<key>proxyType</key>
			<string>1</string>
			<key>remoteGlobalIDString</key>
			<string>B64A634618AAB0990091A465</string>
			<key>remoteInfo</key>
			<string>VENCalculatorInputViewSample</string>
		</dict>
		<key>B64A636E18AAB0990091A465</key>
		<dict>
			<key>isa</key>
			<string>PBXTargetDependency</string>
			<key>target</key>
			<string>B64A634618AAB0990091A465</string>
			<key>targetProxy</key>
			<string>B64A636D18AAB0990091A465</string>
		</dict>
		<key>B64A636F18AAB0990091A465</key>
		<dict>
			<key>children</key>
			<array>
				<string>B64A637518AAB09A0091A465</string>
				<string>B64A637018AAB0990091A465</string>
			</array>
			<key>isa</key>
			<string>PBXGroup</string>
			<key>path</key>
			<string>VENCalculatorInputViewSampleTests</string>
			<key>sourceTree</key>
			<string>&lt;group&gt;</string>
		</dict>
		<key>B64A637018AAB0990091A465</key>
		<dict>
			<key>children</key>
			<array>
				<string>B64A637118AAB0990091A465</string>
				<string>B64A637218AAB09A0091A465</string>
			</array>
			<key>isa</key>
			<string>PBXGroup</string>
			<key>name</key>
			<string>Supporting Files</string>
			<key>sourceTree</key>
			<string>&lt;group&gt;</string>
		</dict>
		<key>B64A637118AAB0990091A465</key>
		<dict>
			<key>isa</key>
			<string>PBXFileReference</string>
			<key>lastKnownFileType</key>
			<string>text.plist.xml</string>
			<key>path</key>
			<string>VENCalculatorInputViewSampleTests-Info.plist</string>
			<key>sourceTree</key>
			<string>&lt;group&gt;</string>
		</dict>
		<key>B64A637218AAB09A0091A465</key>
		<dict>
			<key>children</key>
			<array>
				<string>B64A637318AAB09A0091A465</string>
			</array>
			<key>isa</key>
			<string>PBXVariantGroup</string>
			<key>name</key>
			<string>InfoPlist.strings</string>
			<key>sourceTree</key>
			<string>&lt;group&gt;</string>
		</dict>
		<key>B64A637318AAB09A0091A465</key>
		<dict>
			<key>isa</key>
			<string>PBXFileReference</string>
			<key>lastKnownFileType</key>
			<string>text.plist.strings</string>
			<key>name</key>
			<string>en</string>
			<key>path</key>
			<string>en.lproj/InfoPlist.strings</string>
			<key>sourceTree</key>
			<string>&lt;group&gt;</string>
		</dict>
		<key>B64A637418AAB09A0091A465</key>
		<dict>
			<key>fileRef</key>
			<string>B64A637218AAB09A0091A465</string>
			<key>isa</key>
			<string>PBXBuildFile</string>
		</dict>
		<key>B64A637518AAB09A0091A465</key>
		<dict>
			<key>isa</key>
			<string>PBXFileReference</string>
			<key>lastKnownFileType</key>
			<string>sourcecode.c.objc</string>
			<key>path</key>
			<string>VENCalculatorInputViewSampleTests.m</string>
			<key>sourceTree</key>
			<string>&lt;group&gt;</string>
		</dict>
		<key>B64A637618AAB09A0091A465</key>
		<dict>
			<key>fileRef</key>
			<string>B64A637518AAB09A0091A465</string>
			<key>isa</key>
			<string>PBXBuildFile</string>
		</dict>
		<key>B64A637718AAB09A0091A465</key>
		<dict>
			<key>buildSettings</key>
			<dict>
				<key>ALWAYS_SEARCH_USER_PATHS</key>
				<string>NO</string>
				<key>ARCHS</key>
				<string>$(ARCHS_STANDARD_INCLUDING_64_BIT)</string>
				<key>CLANG_CXX_LANGUAGE_STANDARD</key>
				<string>gnu++0x</string>
				<key>CLANG_CXX_LIBRARY</key>
				<string>libc++</string>
				<key>CLANG_ENABLE_MODULES</key>
				<string>YES</string>
				<key>CLANG_ENABLE_OBJC_ARC</key>
				<string>YES</string>
				<key>CLANG_WARN_BOOL_CONVERSION</key>
				<string>YES</string>
				<key>CLANG_WARN_CONSTANT_CONVERSION</key>
				<string>YES</string>
				<key>CLANG_WARN_DIRECT_OBJC_ISA_USAGE</key>
				<string>YES_ERROR</string>
				<key>CLANG_WARN_EMPTY_BODY</key>
				<string>YES</string>
				<key>CLANG_WARN_ENUM_CONVERSION</key>
				<string>YES</string>
				<key>CLANG_WARN_INT_CONVERSION</key>
				<string>YES</string>
				<key>CLANG_WARN_OBJC_ROOT_CLASS</key>
				<string>YES_ERROR</string>
				<key>CLANG_WARN__DUPLICATE_METHOD_MATCH</key>
				<string>YES</string>
				<key>CODE_SIGN_IDENTITY[sdk=iphoneos*]</key>
				<string>iPhone Developer</string>
				<key>COPY_PHASE_STRIP</key>
				<string>NO</string>
				<key>GCC_C_LANGUAGE_STANDARD</key>
				<string>gnu99</string>
				<key>GCC_DYNAMIC_NO_PIC</key>
				<string>NO</string>
				<key>GCC_OPTIMIZATION_LEVEL</key>
				<string>0</string>
				<key>GCC_PREPROCESSOR_DEFINITIONS</key>
				<array>
					<string>DEBUG=1</string>
					<string>$(inherited)</string>
				</array>
				<key>GCC_SYMBOLS_PRIVATE_EXTERN</key>
				<string>NO</string>
				<key>GCC_WARN_64_TO_32_BIT_CONVERSION</key>
				<string>YES</string>
				<key>GCC_WARN_ABOUT_RETURN_TYPE</key>
				<string>YES_ERROR</string>
				<key>GCC_WARN_UNDECLARED_SELECTOR</key>
				<string>YES</string>
				<key>GCC_WARN_UNINITIALIZED_AUTOS</key>
				<string>YES</string>
				<key>GCC_WARN_UNUSED_FUNCTION</key>
				<string>YES</string>
				<key>GCC_WARN_UNUSED_VARIABLE</key>
				<string>YES</string>
				<key>IPHONEOS_DEPLOYMENT_TARGET</key>
				<string>7.0</string>
				<key>ONLY_ACTIVE_ARCH</key>
				<string>YES</string>
				<key>SDKROOT</key>
				<string>iphoneos</string>
			</dict>
			<key>isa</key>
			<string>XCBuildConfiguration</string>
			<key>name</key>
			<string>Debug</string>
		</dict>
		<key>B64A637818AAB09A0091A465</key>
		<dict>
			<key>buildSettings</key>
			<dict>
				<key>ALWAYS_SEARCH_USER_PATHS</key>
				<string>NO</string>
				<key>ARCHS</key>
				<string>$(ARCHS_STANDARD_INCLUDING_64_BIT)</string>
				<key>CLANG_CXX_LANGUAGE_STANDARD</key>
				<string>gnu++0x</string>
				<key>CLANG_CXX_LIBRARY</key>
				<string>libc++</string>
				<key>CLANG_ENABLE_MODULES</key>
				<string>YES</string>
				<key>CLANG_ENABLE_OBJC_ARC</key>
				<string>YES</string>
				<key>CLANG_WARN_BOOL_CONVERSION</key>
				<string>YES</string>
				<key>CLANG_WARN_CONSTANT_CONVERSION</key>
				<string>YES</string>
				<key>CLANG_WARN_DIRECT_OBJC_ISA_USAGE</key>
				<string>YES_ERROR</string>
				<key>CLANG_WARN_EMPTY_BODY</key>
				<string>YES</string>
				<key>CLANG_WARN_ENUM_CONVERSION</key>
				<string>YES</string>
				<key>CLANG_WARN_INT_CONVERSION</key>
				<string>YES</string>
				<key>CLANG_WARN_OBJC_ROOT_CLASS</key>
				<string>YES_ERROR</string>
				<key>CLANG_WARN__DUPLICATE_METHOD_MATCH</key>
				<string>YES</string>
				<key>CODE_SIGN_IDENTITY[sdk=iphoneos*]</key>
				<string>iPhone Developer</string>
				<key>COPY_PHASE_STRIP</key>
				<string>YES</string>
				<key>ENABLE_NS_ASSERTIONS</key>
				<string>NO</string>
				<key>GCC_C_LANGUAGE_STANDARD</key>
				<string>gnu99</string>
				<key>GCC_WARN_64_TO_32_BIT_CONVERSION</key>
				<string>YES</string>
				<key>GCC_WARN_ABOUT_RETURN_TYPE</key>
				<string>YES_ERROR</string>
				<key>GCC_WARN_UNDECLARED_SELECTOR</key>
				<string>YES</string>
				<key>GCC_WARN_UNINITIALIZED_AUTOS</key>
				<string>YES</string>
				<key>GCC_WARN_UNUSED_FUNCTION</key>
				<string>YES</string>
				<key>GCC_WARN_UNUSED_VARIABLE</key>
				<string>YES</string>
				<key>IPHONEOS_DEPLOYMENT_TARGET</key>
				<string>7.0</string>
				<key>SDKROOT</key>
				<string>iphoneos</string>
				<key>VALIDATE_PRODUCT</key>
				<string>YES</string>
			</dict>
			<key>isa</key>
			<string>XCBuildConfiguration</string>
			<key>name</key>
			<string>Release</string>
		</dict>
		<key>B64A637918AAB09A0091A465</key>
		<dict>
			<key>buildConfigurations</key>
			<array>
				<string>B64A637A18AAB09A0091A465</string>
				<string>B64A637B18AAB09A0091A465</string>
			</array>
			<key>defaultConfigurationIsVisible</key>
			<string>0</string>
			<key>isa</key>
			<string>XCConfigurationList</string>
		</dict>
		<key>B64A637A18AAB09A0091A465</key>
		<dict>
			<key>baseConfigurationReference</key>
			<string>E6EB89F5A1E94C7D980410B6</string>
			<key>buildSettings</key>
			<dict>
				<key>ASSETCATALOG_COMPILER_APPICON_NAME</key>
				<string>AppIcon</string>
				<key>ASSETCATALOG_COMPILER_LAUNCHIMAGE_NAME</key>
				<string>LaunchImage</string>
				<key>GCC_PRECOMPILE_PREFIX_HEADER</key>
				<string>YES</string>
				<key>GCC_PREFIX_HEADER</key>
				<string>VENCalculatorInputViewSample/VENCalculatorInputViewSample-Prefix.pch</string>
				<key>INFOPLIST_FILE</key>
				<string>VENCalculatorInputViewSample/VENCalculatorInputViewSample-Info.plist</string>
				<key>PRODUCT_NAME</key>
				<string>$(TARGET_NAME)</string>
				<key>WRAPPER_EXTENSION</key>
				<string>app</string>
			</dict>
			<key>isa</key>
			<string>XCBuildConfiguration</string>
			<key>name</key>
			<string>Debug</string>
		</dict>
		<key>B64A637B18AAB09A0091A465</key>
		<dict>
			<key>baseConfigurationReference</key>
			<string>E6EB89F5A1E94C7D980410B6</string>
			<key>buildSettings</key>
			<dict>
				<key>ASSETCATALOG_COMPILER_APPICON_NAME</key>
				<string>AppIcon</string>
				<key>ASSETCATALOG_COMPILER_LAUNCHIMAGE_NAME</key>
				<string>LaunchImage</string>
				<key>GCC_PRECOMPILE_PREFIX_HEADER</key>
				<string>YES</string>
				<key>GCC_PREFIX_HEADER</key>
				<string>VENCalculatorInputViewSample/VENCalculatorInputViewSample-Prefix.pch</string>
				<key>INFOPLIST_FILE</key>
				<string>VENCalculatorInputViewSample/VENCalculatorInputViewSample-Info.plist</string>
				<key>PRODUCT_NAME</key>
				<string>$(TARGET_NAME)</string>
				<key>WRAPPER_EXTENSION</key>
				<string>app</string>
			</dict>
			<key>isa</key>
			<string>XCBuildConfiguration</string>
			<key>name</key>
			<string>Release</string>
		</dict>
		<key>B64A637C18AAB09A0091A465</key>
		<dict>
			<key>buildConfigurations</key>
			<array>
				<string>B64A637D18AAB09A0091A465</string>
				<string>B64A637E18AAB09A0091A465</string>
			</array>
			<key>defaultConfigurationIsVisible</key>
			<string>0</string>
			<key>isa</key>
			<string>XCConfigurationList</string>
		</dict>
		<key>B64A637D18AAB09A0091A465</key>
		<dict>
			<key>buildSettings</key>
			<dict>
				<key>ARCHS</key>
				<string>$(ARCHS_STANDARD_INCLUDING_64_BIT)</string>
				<key>BUNDLE_LOADER</key>
				<string>$(BUILT_PRODUCTS_DIR)/VENCalculatorInputViewSample.app/VENCalculatorInputViewSample</string>
				<key>FRAMEWORK_SEARCH_PATHS</key>
				<array>
					<string>$(SDKROOT)/Developer/Library/Frameworks</string>
					<string>$(inherited)</string>
					<string>$(DEVELOPER_FRAMEWORKS_DIR)</string>
				</array>
				<key>GCC_PRECOMPILE_PREFIX_HEADER</key>
				<string>YES</string>
				<key>GCC_PREFIX_HEADER</key>
				<string>VENCalculatorInputViewSample/VENCalculatorInputViewSample-Prefix.pch</string>
				<key>GCC_PREPROCESSOR_DEFINITIONS</key>
				<array>
					<string>DEBUG=1</string>
					<string>$(inherited)</string>
				</array>
				<key>INFOPLIST_FILE</key>
				<string>VENCalculatorInputViewSampleTests/VENCalculatorInputViewSampleTests-Info.plist</string>
				<key>PRODUCT_NAME</key>
				<string>$(TARGET_NAME)</string>
				<key>TEST_HOST</key>
				<string>$(BUNDLE_LOADER)</string>
				<key>WRAPPER_EXTENSION</key>
				<string>xctest</string>
			</dict>
			<key>isa</key>
			<string>XCBuildConfiguration</string>
			<key>name</key>
			<string>Debug</string>
		</dict>
		<key>B64A637E18AAB09A0091A465</key>
		<dict>
			<key>buildSettings</key>
			<dict>
				<key>ARCHS</key>
				<string>$(ARCHS_STANDARD_INCLUDING_64_BIT)</string>
				<key>BUNDLE_LOADER</key>
				<string>$(BUILT_PRODUCTS_DIR)/VENCalculatorInputViewSample.app/VENCalculatorInputViewSample</string>
				<key>FRAMEWORK_SEARCH_PATHS</key>
				<array>
					<string>$(SDKROOT)/Developer/Library/Frameworks</string>
					<string>$(inherited)</string>
					<string>$(DEVELOPER_FRAMEWORKS_DIR)</string>
				</array>
				<key>GCC_PRECOMPILE_PREFIX_HEADER</key>
				<string>YES</string>
				<key>GCC_PREFIX_HEADER</key>
				<string>VENCalculatorInputViewSample/VENCalculatorInputViewSample-Prefix.pch</string>
				<key>INFOPLIST_FILE</key>
				<string>VENCalculatorInputViewSampleTests/VENCalculatorInputViewSampleTests-Info.plist</string>
				<key>PRODUCT_NAME</key>
				<string>$(TARGET_NAME)</string>
				<key>TEST_HOST</key>
				<string>$(BUNDLE_LOADER)</string>
				<key>WRAPPER_EXTENSION</key>
				<string>xctest</string>
			</dict>
			<key>isa</key>
			<string>XCBuildConfiguration</string>
			<key>name</key>
			<string>Release</string>
		</dict>
		<key>E6EB89F5A1E94C7D980410B6</key>
		<dict>
			<key>includeInIndex</key>
			<string>1</string>
			<key>isa</key>
			<string>PBXFileReference</string>
			<key>lastKnownFileType</key>
			<string>text.xcconfig</string>
			<key>name</key>
			<string>Pods-VENCalculatorInputViewSample.xcconfig</string>
			<key>path</key>
			<string>Pods/Pods-VENCalculatorInputViewSample.xcconfig</string>
			<key>sourceTree</key>
			<string>&lt;group&gt;</string>
		</dict>
		<key>E99D08981FEF415990879498</key>
		<dict>
			<key>explicitFileType</key>
			<string>archive.ar</string>
			<key>includeInIndex</key>
			<string>0</string>
			<key>isa</key>
			<string>PBXFileReference</string>
			<key>path</key>
			<string>libPods-VENCalculatorInputViewSample.a</string>
			<key>sourceTree</key>
			<string>BUILT_PRODUCTS_DIR</string>
		</dict>
	</dict>
	<key>rootObject</key>
	<string>B64A633F18AAB0990091A465</string>
</dict>
</plist>
