PODS:
  - CalculatorInput (2.0.0)

DEPENDENCIES:
  - CalculatorInput (from `./../`)

EXTERNAL SOURCES:
  CalculatorInput:
    :path: "./../"

SPEC CHECKSUMS:
  CalculatorInput: 14c769b211ffd00f738480dfcfdfde0f799fb918

PODFILE CHECKSUM: f16bda7794a2c94054ff4ef57d6a0de35b188443

COCOAPODS: 1.6.0.beta.2
