PODS:
  - Expecta (0.2.4)
  - OCMock (3.0.2)
  - Specta (0.2.1)

DEPENDENCIES:
  - Expecta (~> 0.2.2)
  - OCMock (~> 3.0.0)
  - Specta (~> 0.2.1)

SPEC CHECKSUMS:
  Expecta: cfaf1d3e2e194ca704a25e997093d30a1ce70b61
  OCMock: 1f0871af0f397183f33e7552cca088bd2b485c25
  Specta: 15a276a6343867b426d5ed135d5aa4d04123a573

COCOAPODS: 0.37.1
