// !$*UTF8*$!
{
	archiveVersion = 1;
	classes = {
	};
	objectVersion = 46;
	objects = {

/* Begin PBXBuildFile section */
		361C4E951B421E7B00AB5D98 /* CalculatorInput.h in Headers */ = {isa = PBXBuildFile; fileRef = 361C4E831B421E7B00AB5D98 /* CalculatorInput.h */; settings = {ATTRIBUTES = (Public, ); }; };
		361C4E961B421E7B00AB5D98 /* CalculatorInputTextField.h in Headers */ = {isa = PBXBuildFile; fileRef = 361C4E841B421E7B00AB5D98 /* CalculatorInputTextField.h */; };
		361C4E971B421E7B00AB5D98 /* CalculatorInputTextField.m in Sources */ = {isa = PBXBuildFile; fileRef = 361C4E851B421E7B00AB5D98 /* CalculatorInputTextField.m */; };
		361C4E981B421E7B00AB5D98 /* CalculatorInputView.h in Headers */ = {isa = PBXBuildFile; fileRef = 361C4E861B421E7B00AB5D98 /* CalculatorInputView.h */; };
		361C4E991B421E7B00AB5D98 /* CalculatorInputView.m in Sources */ = {isa = PBXBuildFile; fileRef = 361C4E871B421E7B00AB5D98 /* CalculatorInputView.m */; };
		361C4E9A1B421E7B00AB5D98 /* MoneyCalculator.h in Headers */ = {isa = PBXBuildFile; fileRef = 361C4E881B421E7B00AB5D98 /* MoneyCalculator.h */; };
		361C4E9B1B421E7B00AB5D98 /* MoneyCalculator.m in Sources */ = {isa = PBXBuildFile; fileRef = 361C4E891B421E7B00AB5D98 /* MoneyCalculator.m */; };
		361C4E9C1B421E7B00AB5D98 /* NSString+CalculatorInputView.h in Headers */ = {isa = PBXBuildFile; fileRef = 361C4E8A1B421E7B00AB5D98 /* NSString+CalculatorInputView.h */; };
		361C4E9D1B421E7B00AB5D98 /* NSString+CalculatorInputView.m in Sources */ = {isa = PBXBuildFile; fileRef = 361C4E8B1B421E7B00AB5D98 /* NSString+CalculatorInputView.m */; };
		361C4E9E1B421E7B00AB5D98 /* CalculatorInputView.xib in Resources */ = {isa = PBXBuildFile; fileRef = 361C4E8D1B421E7B00AB5D98 /* CalculatorInputView.xib */; };
		361C4E9F1B421E7B00AB5D98 /* VENCalculatorIconBackspace.png in Resources */ = {isa = PBXBuildFile; fileRef = 361C4E8F1B421E7B00AB5D98 /* VENCalculatorIconBackspace.png */; };
		361C4EA01B421E7B00AB5D98 /* VENCalculatorIconBackspace@2x.png in Resources */ = {isa = PBXBuildFile; fileRef = 361C4E901B421E7B00AB5D98 /* VENCalculatorIconBackspace@2x.png */; };
		361C4EA11B421E7B00AB5D98 /* VENCalculatorIconBackspace@3x.png in Resources */ = {isa = PBXBuildFile; fileRef = 361C4E911B421E7B00AB5D98 /* VENCalculatorIconBackspace@3x.png */; };
		361C4EA21B421E7B00AB5D98 /* Info.plist in Resources */ = {isa = PBXBuildFile; fileRef = 361C4E921B421E7B00AB5D98 /* Info.plist */; };
		361C4EA31B421E7B00AB5D98 /* UITextField+CalculatorInputView.h in Headers */ = {isa = PBXBuildFile; fileRef = 361C4E931B421E7B00AB5D98 /* UITextField+CalculatorInputView.h */; };
		361C4EA41B421E7B00AB5D98 /* UITextField+CalculatorInputView.m in Sources */ = {isa = PBXBuildFile; fileRef = 361C4E941B421E7B00AB5D98 /* UITextField+CalculatorInputView.m */; };
		367628641B420FF80081488E /* CalculatorInput.framework in Frameworks */ = {isa = PBXBuildFile; fileRef = 367628591B420FF80081488E /* CalculatorInput.framework */; };
		367628B21B4211BD0081488E /* MoneyCalculatorTests.swift in Sources */ = {isa = PBXBuildFile; fileRef = 367628881B4210520081488E /* MoneyCalculatorTests.swift */; };
		B6676DD51B42159C00A93204 /* StringExtensionTests.swift in Sources */ = {isa = PBXBuildFile; fileRef = 367628861B4210520081488E /* StringExtensionTests.swift */; };
/* End PBXBuildFile section */

/* Begin PBXContainerItemProxy section */
		367628651B420FF80081488E /* PBXContainerItemProxy */ = {
			isa = PBXContainerItemProxy;
			containerPortal = 367628501B420FF80081488E /* Project object */;
			proxyType = 1;
			remoteGlobalIDString = 367628581B420FF80081488E;
			remoteInfo = CalculatorInputView;
		};
/* End PBXContainerItemProxy section */

/* Begin PBXFileReference section */
		361C4E831B421E7B00AB5D98 /* CalculatorInput.h */ = {isa = PBXFileReference; fileEncoding = 4; lastKnownFileType = sourcecode.c.h; path = CalculatorInput.h; sourceTree = "<group>"; };
		361C4E841B421E7B00AB5D98 /* CalculatorInputTextField.h */ = {isa = PBXFileReference; fileEncoding = 4; lastKnownFileType = sourcecode.c.h; path = CalculatorInputTextField.h; sourceTree = "<group>"; };
		361C4E851B421E7B00AB5D98 /* CalculatorInputTextField.m */ = {isa = PBXFileReference; fileEncoding = 4; lastKnownFileType = sourcecode.c.objc; path = CalculatorInputTextField.m; sourceTree = "<group>"; };
		361C4E861B421E7B00AB5D98 /* CalculatorInputView.h */ = {isa = PBXFileReference; fileEncoding = 4; lastKnownFileType = sourcecode.c.h; path = CalculatorInputView.h; sourceTree = "<group>"; };
		361C4E871B421E7B00AB5D98 /* CalculatorInputView.m */ = {isa = PBXFileReference; fileEncoding = 4; lastKnownFileType = sourcecode.c.objc; path = CalculatorInputView.m; sourceTree = "<group>"; };
		361C4E881B421E7B00AB5D98 /* MoneyCalculator.h */ = {isa = PBXFileReference; fileEncoding = 4; lastKnownFileType = sourcecode.c.h; path = MoneyCalculator.h; sourceTree = "<group>"; };
		361C4E891B421E7B00AB5D98 /* MoneyCalculator.m */ = {isa = PBXFileReference; fileEncoding = 4; lastKnownFileType = sourcecode.c.objc; path = MoneyCalculator.m; sourceTree = "<group>"; };
		361C4E8A1B421E7B00AB5D98 /* NSString+CalculatorInputView.h */ = {isa = PBXFileReference; fileEncoding = 4; lastKnownFileType = sourcecode.c.h; path = "NSString+CalculatorInputView.h"; sourceTree = "<group>"; };
		361C4E8B1B421E7B00AB5D98 /* NSString+CalculatorInputView.m */ = {isa = PBXFileReference; fileEncoding = 4; lastKnownFileType = sourcecode.c.objc; path = "NSString+CalculatorInputView.m"; sourceTree = "<group>"; };
		361C4E8D1B421E7B00AB5D98 /* CalculatorInputView.xib */ = {isa = PBXFileReference; fileEncoding = 4; lastKnownFileType = file.xib; path = CalculatorInputView.xib; sourceTree = "<group>"; };
		361C4E8F1B421E7B00AB5D98 /* VENCalculatorIconBackspace.png */ = {isa = PBXFileReference; lastKnownFileType = image.png; path = VENCalculatorIconBackspace.png; sourceTree = "<group>"; };
		361C4E901B421E7B00AB5D98 /* VENCalculatorIconBackspace@2x.png */ = {isa = PBXFileReference; lastKnownFileType = image.png; path = "VENCalculatorIconBackspace@2x.png"; sourceTree = "<group>"; };
		361C4E911B421E7B00AB5D98 /* VENCalculatorIconBackspace@3x.png */ = {isa = PBXFileReference; lastKnownFileType = image.png; path = "VENCalculatorIconBackspace@3x.png"; sourceTree = "<group>"; };
		361C4E921B421E7B00AB5D98 /* Info.plist */ = {isa = PBXFileReference; fileEncoding = 4; lastKnownFileType = text.plist.xml; path = Info.plist; sourceTree = "<group>"; };
		361C4E931B421E7B00AB5D98 /* UITextField+CalculatorInputView.h */ = {isa = PBXFileReference; fileEncoding = 4; lastKnownFileType = sourcecode.c.h; path = "UITextField+CalculatorInputView.h"; sourceTree = "<group>"; };
		361C4E941B421E7B00AB5D98 /* UITextField+CalculatorInputView.m */ = {isa = PBXFileReference; fileEncoding = 4; lastKnownFileType = sourcecode.c.objc; path = "UITextField+CalculatorInputView.m"; sourceTree = "<group>"; };
		367628591B420FF80081488E /* CalculatorInput.framework */ = {isa = PBXFileReference; explicitFileType = wrapper.framework; includeInIndex = 0; path = CalculatorInput.framework; sourceTree = BUILT_PRODUCTS_DIR; };
		367628631B420FF80081488E /* CalculatorInput.xctest */ = {isa = PBXFileReference; explicitFileType = wrapper.cfbundle; includeInIndex = 0; path = CalculatorInput.xctest; sourceTree = BUILT_PRODUCTS_DIR; };
		367628851B4210520081488E /* Info.plist */ = {isa = PBXFileReference; fileEncoding = 4; lastKnownFileType = text.plist.xml; path = Info.plist; sourceTree = "<group>"; };
		367628861B4210520081488E /* StringExtensionTests.swift */ = {isa = PBXFileReference; fileEncoding = 4; lastKnownFileType = sourcecode.swift; path = StringExtensionTests.swift; sourceTree = "<group>"; };
		367628881B4210520081488E /* MoneyCalculatorTests.swift */ = {isa = PBXFileReference; fileEncoding = 4; lastKnownFileType = sourcecode.swift; path = MoneyCalculatorTests.swift; sourceTree = "<group>"; };
/* End PBXFileReference section */

/* Begin PBXFrameworksBuildPhase section */
		367628551B420FF80081488E /* Frameworks */ = {
			isa = PBXFrameworksBuildPhase;
			buildActionMask = 2147483647;
			files = (
			);
			runOnlyForDeploymentPostprocessing = 0;
		};
		367628601B420FF80081488E /* Frameworks */ = {
			isa = PBXFrameworksBuildPhase;
			buildActionMask = 2147483647;
			files = (
				367628641B420FF80081488E /* CalculatorInput.framework in Frameworks */,
			);
			runOnlyForDeploymentPostprocessing = 0;
		};
/* End PBXFrameworksBuildPhase section */

/* Begin PBXGroup section */
		361C4E821B421E7B00AB5D98 /* CalculatorInput */ = {
			isa = PBXGroup;
			children = (
				361C4E831B421E7B00AB5D98 /* CalculatorInput.h */,
				361C4E861B421E7B00AB5D98 /* CalculatorInputView.h */,
				361C4E871B421E7B00AB5D98 /* CalculatorInputView.m */,
				361C4E841B421E7B00AB5D98 /* CalculatorInputTextField.h */,
				361C4E851B421E7B00AB5D98 /* CalculatorInputTextField.m */,
				361C4E881B421E7B00AB5D98 /* MoneyCalculator.h */,
				361C4E891B421E7B00AB5D98 /* MoneyCalculator.m */,
				361C4E8A1B421E7B00AB5D98 /* NSString+CalculatorInputView.h */,
				361C4E8B1B421E7B00AB5D98 /* NSString+CalculatorInputView.m */,
				361C4E931B421E7B00AB5D98 /* UITextField+CalculatorInputView.h */,
				361C4E941B421E7B00AB5D98 /* UITextField+CalculatorInputView.m */,
				361C4E8C1B421E7B00AB5D98 /* Resources */,
			);
			path = CalculatorInput;
			sourceTree = "<group>";
		};
		361C4E8C1B421E7B00AB5D98 /* Resources */ = {
			isa = PBXGroup;
			children = (
				361C4E8D1B421E7B00AB5D98 /* CalculatorInputView.xib */,
				361C4E8E1B421E7B00AB5D98 /* Images */,
				361C4E921B421E7B00AB5D98 /* Info.plist */,
			);
			path = Resources;
			sourceTree = "<group>";
		};
		361C4E8E1B421E7B00AB5D98 /* Images */ = {
			isa = PBXGroup;
			children = (
				361C4E8F1B421E7B00AB5D98 /* VENCalculatorIconBackspace.png */,
				361C4E901B421E7B00AB5D98 /* VENCalculatorIconBackspace@2x.png */,
				361C4E911B421E7B00AB5D98 /* VENCalculatorIconBackspace@3x.png */,
			);
			path = Images;
			sourceTree = "<group>";
		};
		3676284F1B420FF80081488E = {
			isa = PBXGroup;
			children = (
				361C4E821B421E7B00AB5D98 /* CalculatorInput */,
				367628841B4210520081488E /* Tests */,
				3676285A1B420FF80081488E /* Products */,
			);
			sourceTree = "<group>";
		};
		3676285A1B420FF80081488E /* Products */ = {
			isa = PBXGroup;
			children = (
				367628591B420FF80081488E /* CalculatorInput.framework */,
				367628631B420FF80081488E /* CalculatorInput.xctest */,
			);
			name = Products;
			sourceTree = "<group>";
		};
		367628841B4210520081488E /* Tests */ = {
			isa = PBXGroup;
			children = (
				367628851B4210520081488E /* Info.plist */,
				367628861B4210520081488E /* StringExtensionTests.swift */,
				367628881B4210520081488E /* MoneyCalculatorTests.swift */,
			);
			path = Tests;
			sourceTree = "<group>";
		};
/* End PBXGroup section */

/* Begin PBXHeadersBuildPhase section */
		367628561B420FF80081488E /* Headers */ = {
			isa = PBXHeadersBuildPhase;
			buildActionMask = 2147483647;
			files = (
				361C4E9C1B421E7B00AB5D98 /* NSString+CalculatorInputView.h in Headers */,
				361C4E951B421E7B00AB5D98 /* CalculatorInput.h in Headers */,
				361C4EA31B421E7B00AB5D98 /* UITextField+CalculatorInputView.h in Headers */,
				361C4E9A1B421E7B00AB5D98 /* MoneyCalculator.h in Headers */,
				361C4E961B421E7B00AB5D98 /* CalculatorInputTextField.h in Headers */,
				361C4E981B421E7B00AB5D98 /* CalculatorInputView.h in Headers */,
			);
			runOnlyForDeploymentPostprocessing = 0;
		};
/* End PBXHeadersBuildPhase section */

/* Begin PBXNativeTarget section */
		367628581B420FF80081488E /* CalculatorInput */ = {
			isa = PBXNativeTarget;
			buildConfigurationList = 3676286D1B420FF80081488E /* Build configuration list for PBXNativeTarget "CalculatorInput" */;
			buildPhases = (
				367628541B420FF80081488E /* Sources */,
				367628551B420FF80081488E /* Frameworks */,
				367628561B420FF80081488E /* Headers */,
				367628571B420FF80081488E /* Resources */,
			);
			buildRules = (
			);
			dependencies = (
			);
			name = CalculatorInput;
			productName = CalculatorInputView;
			productReference = 367628591B420FF80081488E /* CalculatorInput.framework */;
			productType = "com.apple.product-type.framework";
		};
		367628621B420FF80081488E /* CalculatorInputTests */ = {
			isa = PBXNativeTarget;
			buildConfigurationList = 367628701B420FF80081488E /* Build configuration list for PBXNativeTarget "CalculatorInputTests" */;
			buildPhases = (
				3676285F1B420FF80081488E /* Sources */,
				367628601B420FF80081488E /* Frameworks */,
				367628611B420FF80081488E /* Resources */,
			);
			buildRules = (
			);
			dependencies = (
				367628661B420FF80081488E /* PBXTargetDependency */,
			);
			name = CalculatorInputTests;
			productName = CalculatorInputViewTests;
			productReference = 367628631B420FF80081488E /* CalculatorInput.xctest */;
			productType = "com.apple.product-type.bundle.unit-test";
		};
/* End PBXNativeTarget section */

/* Begin PBXProject section */
		367628501B420FF80081488E /* Project object */ = {
			isa = PBXProject;
			attributes = {
				LastUpgradeCheck = 0700;
				ORGANIZATIONNAME = Venmo;
				TargetAttributes = {
					367628581B420FF80081488E = {
						CreatedOnToolsVersion = 7.0;
					};
					367628621B420FF80081488E = {
						CreatedOnToolsVersion = 7.0;
					};
				};
			};
			buildConfigurationList = 367628531B420FF80081488E /* Build configuration list for PBXProject "CalculatorInput" */;
			compatibilityVersion = "Xcode 3.2";
			developmentRegion = English;
			hasScannedForEncodings = 0;
			knownRegions = (
				en,
			);
			mainGroup = 3676284F1B420FF80081488E;
			productRefGroup = 3676285A1B420FF80081488E /* Products */;
			projectDirPath = "";
			projectRoot = "";
			targets = (
				367628581B420FF80081488E /* CalculatorInput */,
				367628621B420FF80081488E /* CalculatorInputTests */,
			);
		};
/* End PBXProject section */

/* Begin PBXResourcesBuildPhase section */
		367628571B420FF80081488E /* Resources */ = {
			isa = PBXResourcesBuildPhase;
			buildActionMask = 2147483647;
			files = (
				361C4EA11B421E7B00AB5D98 /* VENCalculatorIconBackspace@3x.png in Resources */,
				361C4E9F1B421E7B00AB5D98 /* VENCalculatorIconBackspace.png in Resources */,
				361C4E9E1B421E7B00AB5D98 /* CalculatorInputView.xib in Resources */,
				361C4EA21B421E7B00AB5D98 /* Info.plist in Resources */,
				361C4EA01B421E7B00AB5D98 /* VENCalculatorIconBackspace@2x.png in Resources */,
			);
			runOnlyForDeploymentPostprocessing = 0;
		};
		367628611B420FF80081488E /* Resources */ = {
			isa = PBXResourcesBuildPhase;
			buildActionMask = 2147483647;
			files = (
			);
			runOnlyForDeploymentPostprocessing = 0;
		};
/* End PBXResourcesBuildPhase section */

/* Begin PBXSourcesBuildPhase section */
		367628541B420FF80081488E /* Sources */ = {
			isa = PBXSourcesBuildPhase;
			buildActionMask = 2147483647;
			files = (
				361C4E971B421E7B00AB5D98 /* CalculatorInputTextField.m in Sources */,
				361C4E9D1B421E7B00AB5D98 /* NSString+CalculatorInputView.m in Sources */,
				361C4E991B421E7B00AB5D98 /* CalculatorInputView.m in Sources */,
				361C4EA41B421E7B00AB5D98 /* UITextField+CalculatorInputView.m in Sources */,
				361C4E9B1B421E7B00AB5D98 /* MoneyCalculator.m in Sources */,
			);
			runOnlyForDeploymentPostprocessing = 0;
		};
		3676285F1B420FF80081488E /* Sources */ = {
			isa = PBXSourcesBuildPhase;
			buildActionMask = 2147483647;
			files = (
				B6676DD51B42159C00A93204 /* StringExtensionTests.swift in Sources */,
				367628B21B4211BD0081488E /* MoneyCalculatorTests.swift in Sources */,
			);
			runOnlyForDeploymentPostprocessing = 0;
		};
/* End PBXSourcesBuildPhase section */

/* Begin PBXTargetDependency section */
		367628661B420FF80081488E /* PBXTargetDependency */ = {
			isa = PBXTargetDependency;
			target = 367628581B420FF80081488E /* CalculatorInput */;
			targetProxy = 367628651B420FF80081488E /* PBXContainerItemProxy */;
		};
/* End PBXTargetDependency section */

/* Begin XCBuildConfiguration section */
		3676286B1B420FF80081488E /* Debug */ = {
			isa = XCBuildConfiguration;
			buildSettings = {
				ALWAYS_SEARCH_USER_PATHS = NO;
				CLANG_CXX_LANGUAGE_STANDARD = "gnu++0x";
				CLANG_CXX_LIBRARY = "libc++";
				CLANG_ENABLE_MODULES = YES;
				CLANG_ENABLE_OBJC_ARC = YES;
				CLANG_WARN_BOOL_CONVERSION = YES;
				CLANG_WARN_CONSTANT_CONVERSION = YES;
				CLANG_WARN_DIRECT_OBJC_ISA_USAGE = YES_ERROR;
				CLANG_WARN_EMPTY_BODY = YES;
				CLANG_WARN_ENUM_CONVERSION = YES;
				CLANG_WARN_INT_CONVERSION = YES;
				CLANG_WARN_OBJC_ROOT_CLASS = YES_ERROR;
				CLANG_WARN_UNREACHABLE_CODE = YES;
				CLANG_WARN__DUPLICATE_METHOD_MATCH = YES;
				"CODE_SIGN_IDENTITY[sdk=iphoneos*]" = "iPhone Developer";
				COPY_PHASE_STRIP = NO;
				CURRENT_PROJECT_VERSION = 1;
				DEBUG_INFORMATION_FORMAT = dwarf;
				ENABLE_STRICT_OBJC_MSGSEND = YES;
				ENABLE_TESTABILITY = YES;
				GCC_C_LANGUAGE_STANDARD = gnu99;
				GCC_DYNAMIC_NO_PIC = NO;
				GCC_NO_COMMON_BLOCKS = YES;
				GCC_OPTIMIZATION_LEVEL = 0;
				GCC_PREPROCESSOR_DEFINITIONS = (
					"DEBUG=1",
					"$(inherited)",
				);
				GCC_WARN_64_TO_32_BIT_CONVERSION = YES;
				GCC_WARN_ABOUT_RETURN_TYPE = YES_ERROR;
				GCC_WARN_UNDECLARED_SELECTOR = YES;
				GCC_WARN_UNINITIALIZED_AUTOS = YES_AGGRESSIVE;
				GCC_WARN_UNUSED_FUNCTION = YES;
				GCC_WARN_UNUSED_VARIABLE = YES;
				IPHONEOS_DEPLOYMENT_TARGET = 8.0;
				MTL_ENABLE_DEBUG_INFO = YES;
				ONLY_ACTIVE_ARCH = YES;
				SDKROOT = iphoneos;
				TARGETED_DEVICE_FAMILY = "1,2";
				VERSIONING_SYSTEM = "apple-generic";
				VERSION_INFO_PREFIX = "";
			};
			name = Debug;
		};
		3676286C1B420FF80081488E /* Release */ = {
			isa = XCBuildConfiguration;
			buildSettings = {
				ALWAYS_SEARCH_USER_PATHS = NO;
				CLANG_CXX_LANGUAGE_STANDARD = "gnu++0x";
				CLANG_CXX_LIBRARY = "libc++";
				CLANG_ENABLE_MODULES = YES;
				CLANG_ENABLE_OBJC_ARC = YES;
				CLANG_WARN_BOOL_CONVERSION = YES;
				CLANG_WARN_CONSTANT_CONVERSION = YES;
				CLANG_WARN_DIRECT_OBJC_ISA_USAGE = YES_ERROR;
				CLANG_WARN_EMPTY_BODY = YES;
				CLANG_WARN_ENUM_CONVERSION = YES;
				CLANG_WARN_INT_CONVERSION = YES;
				CLANG_WARN_OBJC_ROOT_CLASS = YES_ERROR;
				CLANG_WARN_UNREACHABLE_CODE = YES;
				CLANG_WARN__DUPLICATE_METHOD_MATCH = YES;
				"CODE_SIGN_IDENTITY[sdk=iphoneos*]" = "iPhone Developer";
				COPY_PHASE_STRIP = NO;
				CURRENT_PROJECT_VERSION = 1;
				DEBUG_INFORMATION_FORMAT = "dwarf-with-dsym";
				ENABLE_NS_ASSERTIONS = NO;
				ENABLE_STRICT_OBJC_MSGSEND = YES;
				GCC_C_LANGUAGE_STANDARD = gnu99;
				GCC_NO_COMMON_BLOCKS = YES;
				GCC_WARN_64_TO_32_BIT_CONVERSION = YES;
				GCC_WARN_ABOUT_RETURN_TYPE = YES_ERROR;
				GCC_WARN_UNDECLARED_SELECTOR = YES;
				GCC_WARN_UNINITIALIZED_AUTOS = YES_AGGRESSIVE;
				GCC_WARN_UNUSED_FUNCTION = YES;
				GCC_WARN_UNUSED_VARIABLE = YES;
				IPHONEOS_DEPLOYMENT_TARGET = 8.0;
				MTL_ENABLE_DEBUG_INFO = NO;
				SDKROOT = iphoneos;
				TARGETED_DEVICE_FAMILY = "1,2";
				VALIDATE_PRODUCT = YES;
				VERSIONING_SYSTEM = "apple-generic";
				VERSION_INFO_PREFIX = "";
			};
			name = Release;
		};
		3676286E1B420FF80081488E /* Debug */ = {
			isa = XCBuildConfiguration;
			buildSettings = {
				APPLICATION_EXTENSION_API_ONLY = YES;
				DEFINES_MODULE = YES;
				DYLIB_COMPATIBILITY_VERSION = 1;
				DYLIB_CURRENT_VERSION = 1;
				DYLIB_INSTALL_NAME_BASE = "@rpath";
				INFOPLIST_FILE = "$(SRCROOT)/CalculatorInput/Resources/Info.plist";
				INSTALL_PATH = "$(LOCAL_LIBRARY_DIR)/Frameworks";
				LD_RUNPATH_SEARCH_PATHS = "$(inherited) @executable_path/Frameworks @loader_path/Frameworks";
				PRODUCT_BUNDLE_IDENTIFIER = com.venmo.CalculatorInputView;
				PRODUCT_NAME = CalculatorInput;
				SKIP_INSTALL = YES;
			};
			name = Debug;
		};
		3676286F1B420FF80081488E /* Release */ = {
			isa = XCBuildConfiguration;
			buildSettings = {
				APPLICATION_EXTENSION_API_ONLY = YES;
				DEFINES_MODULE = YES;
				DYLIB_COMPATIBILITY_VERSION = 1;
				DYLIB_CURRENT_VERSION = 1;
				DYLIB_INSTALL_NAME_BASE = "@rpath";
				INFOPLIST_FILE = "$(SRCROOT)/CalculatorInput/Resources/Info.plist";
				INSTALL_PATH = "$(LOCAL_LIBRARY_DIR)/Frameworks";
				LD_RUNPATH_SEARCH_PATHS = "$(inherited) @executable_path/Frameworks @loader_path/Frameworks";
				PRODUCT_BUNDLE_IDENTIFIER = com.venmo.CalculatorInputView;
				PRODUCT_NAME = CalculatorInput;
				SKIP_INSTALL = YES;
			};
			name = Release;
		};
		367628711B420FF80081488E /* Debug */ = {
			isa = XCBuildConfiguration;
			buildSettings = {
				INFOPLIST_FILE = Tests/Info.plist;
				LD_RUNPATH_SEARCH_PATHS = "$(inherited) @executable_path/Frameworks @loader_path/Frameworks";
				PRODUCT_BUNDLE_IDENTIFIER = com.venmo.CalculatorInputViewTests;
				PRODUCT_NAME = CalculatorInput;
			};
			name = Debug;
		};
		367628721B420FF80081488E /* Release */ = {
			isa = XCBuildConfiguration;
			buildSettings = {
				INFOPLIST_FILE = Tests/Info.plist;
				LD_RUNPATH_SEARCH_PATHS = "$(inherited) @executable_path/Frameworks @loader_path/Frameworks";
				PRODUCT_BUNDLE_IDENTIFIER = com.venmo.CalculatorInputViewTests;
				PRODUCT_NAME = CalculatorInput;
			};
			name = Release;
		};
/* End XCBuildConfiguration section */

/* Begin XCConfigurationList section */
		367628531B420FF80081488E /* Build configuration list for PBXProject "CalculatorInput" */ = {
			isa = XCConfigurationList;
			buildConfigurations = (
				3676286B1B420FF80081488E /* Debug */,
				3676286C1B420FF80081488E /* Release */,
			);
			defaultConfigurationIsVisible = 0;
			defaultConfigurationName = Release;
		};
		3676286D1B420FF80081488E /* Build configuration list for PBXNativeTarget "CalculatorInput" */ = {
			isa = XCConfigurationList;
			buildConfigurations = (
				3676286E1B420FF80081488E /* Debug */,
				3676286F1B420FF80081488E /* Release */,
			);
			defaultConfigurationIsVisible = 0;
			defaultConfigurationName = Release;
		};
		367628701B420FF80081488E /* Build configuration list for PBXNativeTarget "CalculatorInputTests" */ = {
			isa = XCConfigurationList;
			buildConfigurations = (
				367628711B420FF80081488E /* Debug */,
				367628721B420FF80081488E /* Release */,
			);
			defaultConfigurationIsVisible = 0;
			defaultConfigurationName = Release;
		};
/* End XCConfigurationList section */
	};
	rootObject = 367628501B420FF80081488E /* Project object */;
}
