// !$*UTF8*$!
{
	archiveVersion = 1;
	classes = {
	};
	objectVersion = 46;
	objects = {

/* Begin PBXBuildFile section */
		2CBB59849A1C47F0BF1325E8 /* libPods-VENCalculatorInputViewSample.a in Frameworks */ = {isa = PBXBuildFile; fileRef = E99D08981FEF415990879498 /* libPods-VENCalculatorInputViewSample.a */; };
		B64A634B18AAB0990091A465 /* Foundation.framework in Frameworks */ = {isa = PBXBuildFile; fileRef = B64A634A18AAB0990091A465 /* Foundation.framework */; };
		B64A634D18AAB0990091A465 /* CoreGraphics.framework in Frameworks */ = {isa = PBXBuildFile; fileRef = B64A634C18AAB0990091A465 /* CoreGraphics.framework */; };
		B64A634F18AAB0990091A465 /* UIKit.framework in Frameworks */ = {isa = PBXBuildFile; fileRef = B64A634E18AAB0990091A465 /* UIKit.framework */; };
		B64A635518AAB0990091A465 /* InfoPlist.strings in Resources */ = {isa = PBXBuildFile; fileRef = B64A635318AAB0990091A465 /* InfoPlist.strings */; };
		B64A635718AAB0990091A465 /* main.m in Sources */ = {isa = PBXBuildFile; fileRef = B64A635618AAB0990091A465 /* main.m */; };
		B64A635B18AAB0990091A465 /* VENAppDelegate.m in Sources */ = {isa = PBXBuildFile; fileRef = B64A635A18AAB0990091A465 /* VENAppDelegate.m */; };
		B64A635E18AAB0990091A465 /* Main.storyboard in Resources */ = {isa = PBXBuildFile; fileRef = B64A635C18AAB0990091A465 /* Main.storyboard */; };
		B64A636118AAB0990091A465 /* VENViewController.m in Sources */ = {isa = PBXBuildFile; fileRef = B64A636018AAB0990091A465 /* VENViewController.m */; };
		B64A636318AAB0990091A465 /* Images.xcassets in Resources */ = {isa = PBXBuildFile; fileRef = B64A636218AAB0990091A465 /* Images.xcassets */; };
		B64A636A18AAB0990091A465 /* XCTest.framework in Frameworks */ = {isa = PBXBuildFile; fileRef = B64A636918AAB0990091A465 /* XCTest.framework */; };
		B64A636B18AAB0990091A465 /* Foundation.framework in Frameworks */ = {isa = PBXBuildFile; fileRef = B64A634A18AAB0990091A465 /* Foundation.framework */; };
		B64A636C18AAB0990091A465 /* UIKit.framework in Frameworks */ = {isa = PBXBuildFile; fileRef = B64A634E18AAB0990091A465 /* UIKit.framework */; };
		B64A637418AAB09A0091A465 /* InfoPlist.strings in Resources */ = {isa = PBXBuildFile; fileRef = B64A637218AAB09A0091A465 /* InfoPlist.strings */; };
		B64A637618AAB09A0091A465 /* VENCalculatorInputViewSampleTests.m in Sources */ = {isa = PBXBuildFile; fileRef = B64A637518AAB09A0091A465 /* VENCalculatorInputViewSampleTests.m */; };
/* End PBXBuildFile section */

/* Begin PBXContainerItemProxy section */
		B64A636D18AAB0990091A465 /* PBXContainerItemProxy */ = {
			isa = PBXContainerItemProxy;
			containerPortal = B64A633F18AAB0990091A465 /* Project object */;
			proxyType = 1;
			remoteGlobalIDString = B64A634618AAB0990091A465;
			remoteInfo = VENCalculatorInputViewSample;
		};
/* End PBXContainerItemProxy section */

/* Begin PBXFileReference section */
		220CB6253C40657765F007F6 /* Pods-VENCalculatorInputViewSample.debug.xcconfig */ = {isa = PBXFileReference; includeInIndex = 1; lastKnownFileType = text.xcconfig; name = "Pods-VENCalculatorInputViewSample.debug.xcconfig"; path = "Pods/Target Support Files/Pods-VENCalculatorInputViewSample/Pods-VENCalculatorInputViewSample.debug.xcconfig"; sourceTree = "<group>"; };
		B64A634718AAB0990091A465 /* VENCalculatorInputViewSample.app */ = {isa = PBXFileReference; explicitFileType = wrapper.application; includeInIndex = 0; path = VENCalculatorInputViewSample.app; sourceTree = BUILT_PRODUCTS_DIR; };
		B64A634A18AAB0990091A465 /* Foundation.framework */ = {isa = PBXFileReference; lastKnownFileType = wrapper.framework; name = Foundation.framework; path = System/Library/Frameworks/Foundation.framework; sourceTree = SDKROOT; };
		B64A634C18AAB0990091A465 /* CoreGraphics.framework */ = {isa = PBXFileReference; lastKnownFileType = wrapper.framework; name = CoreGraphics.framework; path = System/Library/Frameworks/CoreGraphics.framework; sourceTree = SDKROOT; };
		B64A634E18AAB0990091A465 /* UIKit.framework */ = {isa = PBXFileReference; lastKnownFileType = wrapper.framework; name = UIKit.framework; path = System/Library/Frameworks/UIKit.framework; sourceTree = SDKROOT; };
		B64A635218AAB0990091A465 /* VENCalculatorInputViewSample-Info.plist */ = {isa = PBXFileReference; lastKnownFileType = text.plist.xml; path = "VENCalculatorInputViewSample-Info.plist"; sourceTree = "<group>"; };
		B64A635418AAB0990091A465 /* en */ = {isa = PBXFileReference; lastKnownFileType = text.plist.strings; name = en; path = en.lproj/InfoPlist.strings; sourceTree = "<group>"; };
		B64A635618AAB0990091A465 /* main.m */ = {isa = PBXFileReference; lastKnownFileType = sourcecode.c.objc; path = main.m; sourceTree = "<group>"; };
		B64A635818AAB0990091A465 /* VENCalculatorInputViewSample-Prefix.pch */ = {isa = PBXFileReference; lastKnownFileType = sourcecode.c.h; path = "VENCalculatorInputViewSample-Prefix.pch"; sourceTree = "<group>"; };
		B64A635918AAB0990091A465 /* VENAppDelegate.h */ = {isa = PBXFileReference; lastKnownFileType = sourcecode.c.h; path = VENAppDelegate.h; sourceTree = "<group>"; };
		B64A635A18AAB0990091A465 /* VENAppDelegate.m */ = {isa = PBXFileReference; lastKnownFileType = sourcecode.c.objc; path = VENAppDelegate.m; sourceTree = "<group>"; };
		B64A635D18AAB0990091A465 /* Base */ = {isa = PBXFileReference; lastKnownFileType = file.storyboard; name = Base; path = Base.lproj/Main.storyboard; sourceTree = "<group>"; };
		B64A635F18AAB0990091A465 /* VENViewController.h */ = {isa = PBXFileReference; lastKnownFileType = sourcecode.c.h; path = VENViewController.h; sourceTree = "<group>"; };
		B64A636018AAB0990091A465 /* VENViewController.m */ = {isa = PBXFileReference; lastKnownFileType = sourcecode.c.objc; path = VENViewController.m; sourceTree = "<group>"; };
		B64A636218AAB0990091A465 /* Images.xcassets */ = {isa = PBXFileReference; lastKnownFileType = folder.assetcatalog; path = Images.xcassets; sourceTree = "<group>"; };
		B64A636818AAB0990091A465 /* VENCalculatorInputViewSampleTests.xctest */ = {isa = PBXFileReference; explicitFileType = wrapper.cfbundle; includeInIndex = 0; path = VENCalculatorInputViewSampleTests.xctest; sourceTree = BUILT_PRODUCTS_DIR; };
		B64A636918AAB0990091A465 /* XCTest.framework */ = {isa = PBXFileReference; lastKnownFileType = wrapper.framework; name = XCTest.framework; path = Library/Frameworks/XCTest.framework; sourceTree = DEVELOPER_DIR; };
		B64A637118AAB0990091A465 /* VENCalculatorInputViewSampleTests-Info.plist */ = {isa = PBXFileReference; lastKnownFileType = text.plist.xml; path = "VENCalculatorInputViewSampleTests-Info.plist"; sourceTree = "<group>"; };
		B64A637318AAB09A0091A465 /* en */ = {isa = PBXFileReference; lastKnownFileType = text.plist.strings; name = en; path = en.lproj/InfoPlist.strings; sourceTree = "<group>"; };
		B64A637518AAB09A0091A465 /* VENCalculatorInputViewSampleTests.m */ = {isa = PBXFileReference; lastKnownFileType = sourcecode.c.objc; path = VENCalculatorInputViewSampleTests.m; sourceTree = "<group>"; };
		C38F1368BB419BF5E1EC2072 /* Pods-VENCalculatorInputViewSample.release.xcconfig */ = {isa = PBXFileReference; includeInIndex = 1; lastKnownFileType = text.xcconfig; name = "Pods-VENCalculatorInputViewSample.release.xcconfig"; path = "Pods/Target Support Files/Pods-VENCalculatorInputViewSample/Pods-VENCalculatorInputViewSample.release.xcconfig"; sourceTree = "<group>"; };
		E99D08981FEF415990879498 /* libPods-VENCalculatorInputViewSample.a */ = {isa = PBXFileReference; explicitFileType = archive.ar; includeInIndex = 0; path = "libPods-VENCalculatorInputViewSample.a"; sourceTree = BUILT_PRODUCTS_DIR; };
/* End PBXFileReference section */

/* Begin PBXFrameworksBuildPhase section */
		B64A634418AAB0990091A465 /* Frameworks */ = {
			isa = PBXFrameworksBuildPhase;
			buildActionMask = 2147483647;
			files = (
				B64A634D18AAB0990091A465 /* CoreGraphics.framework in Frameworks */,
				B64A634F18AAB0990091A465 /* UIKit.framework in Frameworks */,
				B64A634B18AAB0990091A465 /* Foundation.framework in Frameworks */,
				2CBB59849A1C47F0BF1325E8 /* libPods-VENCalculatorInputViewSample.a in Frameworks */,
			);
			runOnlyForDeploymentPostprocessing = 0;
		};
		B64A636518AAB0990091A465 /* Frameworks */ = {
			isa = PBXFrameworksBuildPhase;
			buildActionMask = 2147483647;
			files = (
				B64A636A18AAB0990091A465 /* XCTest.framework in Frameworks */,
				B64A636C18AAB0990091A465 /* UIKit.framework in Frameworks */,
				B64A636B18AAB0990091A465 /* Foundation.framework in Frameworks */,
			);
			runOnlyForDeploymentPostprocessing = 0;
		};
/* End PBXFrameworksBuildPhase section */

/* Begin PBXGroup section */
		79FD9B5A446B4FD6EEB36C5D /* Pods */ = {
			isa = PBXGroup;
			children = (
				220CB6253C40657765F007F6 /* Pods-VENCalculatorInputViewSample.debug.xcconfig */,
				C38F1368BB419BF5E1EC2072 /* Pods-VENCalculatorInputViewSample.release.xcconfig */,
			);
			name = Pods;
			sourceTree = "<group>";
		};
		B64A633E18AAB0990091A465 = {
			isa = PBXGroup;
			children = (
				B64A635018AAB0990091A465 /* VENCalculatorInputViewSample */,
				B64A636F18AAB0990091A465 /* VENCalculatorInputViewSampleTests */,
				B64A634918AAB0990091A465 /* Frameworks */,
				B64A634818AAB0990091A465 /* Products */,
				79FD9B5A446B4FD6EEB36C5D /* Pods */,
			);
			sourceTree = "<group>";
		};
		B64A634818AAB0990091A465 /* Products */ = {
			isa = PBXGroup;
			children = (
				B64A634718AAB0990091A465 /* VENCalculatorInputViewSample.app */,
				B64A636818AAB0990091A465 /* VENCalculatorInputViewSampleTests.xctest */,
			);
			name = Products;
			sourceTree = "<group>";
		};
		B64A634918AAB0990091A465 /* Frameworks */ = {
			isa = PBXGroup;
			children = (
				B64A634A18AAB0990091A465 /* Foundation.framework */,
				B64A634C18AAB0990091A465 /* CoreGraphics.framework */,
				B64A634E18AAB0990091A465 /* UIKit.framework */,
				B64A636918AAB0990091A465 /* XCTest.framework */,
				E99D08981FEF415990879498 /* libPods-VENCalculatorInputViewSample.a */,
			);
			name = Frameworks;
			sourceTree = "<group>";
		};
		B64A635018AAB0990091A465 /* VENCalculatorInputViewSample */ = {
			isa = PBXGroup;
			children = (
				B64A635918AAB0990091A465 /* VENAppDelegate.h */,
				B64A635A18AAB0990091A465 /* VENAppDelegate.m */,
				B64A635C18AAB0990091A465 /* Main.storyboard */,
				B64A635F18AAB0990091A465 /* VENViewController.h */,
				B64A636018AAB0990091A465 /* VENViewController.m */,
				B64A636218AAB0990091A465 /* Images.xcassets */,
				B64A635118AAB0990091A465 /* Supporting Files */,
			);
			path = VENCalculatorInputViewSample;
			sourceTree = "<group>";
		};
		B64A635118AAB0990091A465 /* Supporting Files */ = {
			isa = PBXGroup;
			children = (
				B64A635218AAB0990091A465 /* VENCalculatorInputViewSample-Info.plist */,
				B64A635318AAB0990091A465 /* InfoPlist.strings */,
				B64A635618AAB0990091A465 /* main.m */,
				B64A635818AAB0990091A465 /* VENCalculatorInputViewSample-Prefix.pch */,
			);
			name = "Supporting Files";
			sourceTree = "<group>";
		};
		B64A636F18AAB0990091A465 /* VENCalculatorInputViewSampleTests */ = {
			isa = PBXGroup;
			children = (
				B64A637518AAB09A0091A465 /* VENCalculatorInputViewSampleTests.m */,
				B64A637018AAB0990091A465 /* Supporting Files */,
			);
			path = VENCalculatorInputViewSampleTests;
			sourceTree = "<group>";
		};
		B64A637018AAB0990091A465 /* Supporting Files */ = {
			isa = PBXGroup;
			children = (
				B64A637118AAB0990091A465 /* VENCalculatorInputViewSampleTests-Info.plist */,
				B64A637218AAB09A0091A465 /* InfoPlist.strings */,
			);
			name = "Supporting Files";
			sourceTree = "<group>";
		};
/* End PBXGroup section */

/* Begin PBXNativeTarget section */
		B64A634618AAB0990091A465 /* VENCalculatorInputViewSample */ = {
			isa = PBXNativeTarget;
			buildConfigurationList = B64A637918AAB09A0091A465 /* Build configuration list for PBXNativeTarget "VENCalculatorInputViewSample" */;
			buildPhases = (
				2D2AA7AEAC7741FCB800E285 /* Check Pods Manifest.lock */,
				B64A634318AAB0990091A465 /* Sources */,
				B64A634418AAB0990091A465 /* Frameworks */,
				B64A634518AAB0990091A465 /* Resources */,
				09EF00F391EA4C63878E7489 /* Copy Pods Resources */,
			);
			buildRules = (
			);
			dependencies = (
			);
			name = VENCalculatorInputViewSample;
			productName = VENCalculatorInputViewSample;
			productReference = B64A634718AAB0990091A465 /* VENCalculatorInputViewSample.app */;
			productType = "com.apple.product-type.application";
		};
		B64A636718AAB0990091A465 /* VENCalculatorInputViewSampleTests */ = {
			isa = PBXNativeTarget;
			buildConfigurationList = B64A637C18AAB09A0091A465 /* Build configuration list for PBXNativeTarget "VENCalculatorInputViewSampleTests" */;
			buildPhases = (
				B64A636418AAB0990091A465 /* Sources */,
				B64A636518AAB0990091A465 /* Frameworks */,
				B64A636618AAB0990091A465 /* Resources */,
			);
			buildRules = (
			);
			dependencies = (
				B64A636E18AAB0990091A465 /* PBXTargetDependency */,
			);
			name = VENCalculatorInputViewSampleTests;
			productName = VENCalculatorInputViewSampleTests;
			productReference = B64A636818AAB0990091A465 /* VENCalculatorInputViewSampleTests.xctest */;
			productType = "com.apple.product-type.bundle.unit-test";
		};
/* End PBXNativeTarget section */

/* Begin PBXProject section */
		B64A633F18AAB0990091A465 /* Project object */ = {
			isa = PBXProject;
			attributes = {
				CLASSPREFIX = VEN;
				LastUpgradeCheck = 0500;
				ORGANIZATIONNAME = Venmo;
				TargetAttributes = {
					B64A636718AAB0990091A465 = {
						TestTargetID = B64A634618AAB0990091A465;
					};
				};
			};
			buildConfigurationList = B64A634218AAB0990091A465 /* Build configuration list for PBXProject "VENCalculatorInputViewSample" */;
			compatibilityVersion = "Xcode 3.2";
			developmentRegion = English;
			hasScannedForEncodings = 0;
			knownRegions = (
				en,
				Base,
			);
			mainGroup = B64A633E18AAB0990091A465;
			productRefGroup = B64A634818AAB0990091A465 /* Products */;
			projectDirPath = "";
			projectRoot = "";
			targets = (
				B64A634618AAB0990091A465 /* VENCalculatorInputViewSample */,
				B64A636718AAB0990091A465 /* VENCalculatorInputViewSampleTests */,
			);
		};
/* End PBXProject section */

/* Begin PBXResourcesBuildPhase section */
		B64A634518AAB0990091A465 /* Resources */ = {
			isa = PBXResourcesBuildPhase;
			buildActionMask = 2147483647;
			files = (
				B64A636318AAB0990091A465 /* Images.xcassets in Resources */,
				B64A635518AAB0990091A465 /* InfoPlist.strings in Resources */,
				B64A635E18AAB0990091A465 /* Main.storyboard in Resources */,
			);
			runOnlyForDeploymentPostprocessing = 0;
		};
		B64A636618AAB0990091A465 /* Resources */ = {
			isa = PBXResourcesBuildPhase;
			buildActionMask = 2147483647;
			files = (
				B64A637418AAB09A0091A465 /* InfoPlist.strings in Resources */,
			);
			runOnlyForDeploymentPostprocessing = 0;
		};
/* End PBXResourcesBuildPhase section */

/* Begin PBXShellScriptBuildPhase section */
		09EF00F391EA4C63878E7489 /* Copy Pods Resources */ = {
			isa = PBXShellScriptBuildPhase;
			buildActionMask = 2147483647;
			files = (
			);
			inputPaths = (
			);
			name = "Copy Pods Resources";
			outputPaths = (
			);
			runOnlyForDeploymentPostprocessing = 0;
			shellPath = /bin/sh;
			shellScript = "\"${SRCROOT}/Pods/Target Support Files/Pods-VENCalculatorInputViewSample/Pods-VENCalculatorInputViewSample-resources.sh\"\n";
			showEnvVarsInLog = 0;
		};
		2D2AA7AEAC7741FCB800E285 /* Check Pods Manifest.lock */ = {
			isa = PBXShellScriptBuildPhase;
			buildActionMask = 2147483647;
			files = (
			);
			inputPaths = (
			);
			name = "Check Pods Manifest.lock";
			outputPaths = (
			);
			runOnlyForDeploymentPostprocessing = 0;
			shellPath = /bin/sh;
			shellScript = "diff \"${PODS_ROOT}/../Podfile.lock\" \"${PODS_ROOT}/Manifest.lock\" > /dev/null\nif [[ $? != 0 ]] ; then\n    cat << EOM\nerror: The sandbox is not in sync with the Podfile.lock. Run 'pod install' or update your CocoaPods installation.\nEOM\n    exit 1\nfi\n";
			showEnvVarsInLog = 0;
		};
/* End PBXShellScriptBuildPhase section */

/* Begin PBXSourcesBuildPhase section */
		B64A634318AAB0990091A465 /* Sources */ = {
			isa = PBXSourcesBuildPhase;
			buildActionMask = 2147483647;
			files = (
				B64A636118AAB0990091A465 /* VENViewController.m in Sources */,
				B64A635B18AAB0990091A465 /* VENAppDelegate.m in Sources */,
				B64A635718AAB0990091A465 /* main.m in Sources */,
			);
			runOnlyForDeploymentPostprocessing = 0;
		};
		B64A636418AAB0990091A465 /* Sources */ = {
			isa = PBXSourcesBuildPhase;
			buildActionMask = 2147483647;
			files = (
				B64A637618AAB09A0091A465 /* VENCalculatorInputViewSampleTests.m in Sources */,
			);
			runOnlyForDeploymentPostprocessing = 0;
		};
/* End PBXSourcesBuildPhase section */

/* Begin PBXTargetDependency section */
		B64A636E18AAB0990091A465 /* PBXTargetDependency */ = {
			isa = PBXTargetDependency;
			target = B64A634618AAB0990091A465 /* VENCalculatorInputViewSample */;
			targetProxy = B64A636D18AAB0990091A465 /* PBXContainerItemProxy */;
		};
/* End PBXTargetDependency section */

/* Begin PBXVariantGroup section */
		B64A635318AAB0990091A465 /* InfoPlist.strings */ = {
			isa = PBXVariantGroup;
			children = (
				B64A635418AAB0990091A465 /* en */,
			);
			name = InfoPlist.strings;
			sourceTree = "<group>";
		};
		B64A635C18AAB0990091A465 /* Main.storyboard */ = {
			isa = PBXVariantGroup;
			children = (
				B64A635D18AAB0990091A465 /* Base */,
			);
			name = Main.storyboard;
			sourceTree = "<group>";
		};
		B64A637218AAB09A0091A465 /* InfoPlist.strings */ = {
			isa = PBXVariantGroup;
			children = (
				B64A637318AAB09A0091A465 /* en */,
			);
			name = InfoPlist.strings;
			sourceTree = "<group>";
		};
/* End PBXVariantGroup section */

/* Begin XCBuildConfiguration section */
		B64A637718AAB09A0091A465 /* Debug */ = {
			isa = XCBuildConfiguration;
			buildSettings = {
				ALWAYS_SEARCH_USER_PATHS = NO;
				ARCHS = "$(ARCHS_STANDARD_INCLUDING_64_BIT)";
				CLANG_CXX_LANGUAGE_STANDARD = "gnu++0x";
				CLANG_CXX_LIBRARY = "libc++";
				CLANG_ENABLE_MODULES = YES;
				CLANG_ENABLE_OBJC_ARC = YES;
				CLANG_WARN_BOOL_CONVERSION = YES;
				CLANG_WARN_CONSTANT_CONVERSION = YES;
				CLANG_WARN_DIRECT_OBJC_ISA_USAGE = YES_ERROR;
				CLANG_WARN_EMPTY_BODY = YES;
				CLANG_WARN_ENUM_CONVERSION = YES;
				CLANG_WARN_INT_CONVERSION = YES;
				CLANG_WARN_OBJC_ROOT_CLASS = YES_ERROR;
				CLANG_WARN__DUPLICATE_METHOD_MATCH = YES;
				"CODE_SIGN_IDENTITY[sdk=iphoneos*]" = "iPhone Developer";
				COPY_PHASE_STRIP = NO;
				GCC_C_LANGUAGE_STANDARD = gnu99;
				GCC_DYNAMIC_NO_PIC = NO;
				GCC_OPTIMIZATION_LEVEL = 0;
				GCC_PREPROCESSOR_DEFINITIONS = (
					"DEBUG=1",
					"$(inherited)",
				);
				GCC_SYMBOLS_PRIVATE_EXTERN = NO;
				GCC_WARN_64_TO_32_BIT_CONVERSION = YES;
				GCC_WARN_ABOUT_RETURN_TYPE = YES_ERROR;
				GCC_WARN_UNDECLARED_SELECTOR = YES;
				GCC_WARN_UNINITIALIZED_AUTOS = YES;
				GCC_WARN_UNUSED_FUNCTION = YES;
				GCC_WARN_UNUSED_VARIABLE = YES;
				IPHONEOS_DEPLOYMENT_TARGET = 7.0;
				ONLY_ACTIVE_ARCH = YES;
				SDKROOT = iphoneos;
			};
			name = Debug;
		};
		B64A637818AAB09A0091A465 /* Release */ = {
			isa = XCBuildConfiguration;
			buildSettings = {
				ALWAYS_SEARCH_USER_PATHS = NO;
				ARCHS = "$(ARCHS_STANDARD_INCLUDING_64_BIT)";
				CLANG_CXX_LANGUAGE_STANDARD = "gnu++0x";
				CLANG_CXX_LIBRARY = "libc++";
				CLANG_ENABLE_MODULES = YES;
				CLANG_ENABLE_OBJC_ARC = YES;
				CLANG_WARN_BOOL_CONVERSION = YES;
				CLANG_WARN_CONSTANT_CONVERSION = YES;
				CLANG_WARN_DIRECT_OBJC_ISA_USAGE = YES_ERROR;
				CLANG_WARN_EMPTY_BODY = YES;
				CLANG_WARN_ENUM_CONVERSION = YES;
				CLANG_WARN_INT_CONVERSION = YES;
				CLANG_WARN_OBJC_ROOT_CLASS = YES_ERROR;
				CLANG_WARN__DUPLICATE_METHOD_MATCH = YES;
				"CODE_SIGN_IDENTITY[sdk=iphoneos*]" = "iPhone Developer";
				COPY_PHASE_STRIP = YES;
				ENABLE_NS_ASSERTIONS = NO;
				GCC_C_LANGUAGE_STANDARD = gnu99;
				GCC_WARN_64_TO_32_BIT_CONVERSION = YES;
				GCC_WARN_ABOUT_RETURN_TYPE = YES_ERROR;
				GCC_WARN_UNDECLARED_SELECTOR = YES;
				GCC_WARN_UNINITIALIZED_AUTOS = YES;
				GCC_WARN_UNUSED_FUNCTION = YES;
				GCC_WARN_UNUSED_VARIABLE = YES;
				IPHONEOS_DEPLOYMENT_TARGET = 7.0;
				SDKROOT = iphoneos;
				VALIDATE_PRODUCT = YES;
			};
			name = Release;
		};
		B64A637A18AAB09A0091A465 /* Debug */ = {
			isa = XCBuildConfiguration;
			baseConfigurationReference = 220CB6253C40657765F007F6 /* Pods-VENCalculatorInputViewSample.debug.xcconfig */;
			buildSettings = {
				ASSETCATALOG_COMPILER_APPICON_NAME = AppIcon;
				ASSETCATALOG_COMPILER_LAUNCHIMAGE_NAME = LaunchImage;
				GCC_PRECOMPILE_PREFIX_HEADER = YES;
				GCC_PREFIX_HEADER = "VENCalculatorInputViewSample/VENCalculatorInputViewSample-Prefix.pch";
				INFOPLIST_FILE = "VENCalculatorInputViewSample/VENCalculatorInputViewSample-Info.plist";
				PRODUCT_NAME = "$(TARGET_NAME)";
				WRAPPER_EXTENSION = app;
			};
			name = Debug;
		};
		B64A637B18AAB09A0091A465 /* Release */ = {
			isa = XCBuildConfiguration;
			baseConfigurationReference = C38F1368BB419BF5E1EC2072 /* Pods-VENCalculatorInputViewSample.release.xcconfig */;
			buildSettings = {
				ASSETCATALOG_COMPILER_APPICON_NAME = AppIcon;
				ASSETCATALOG_COMPILER_LAUNCHIMAGE_NAME = LaunchImage;
				GCC_PRECOMPILE_PREFIX_HEADER = YES;
				GCC_PREFIX_HEADER = "VENCalculatorInputViewSample/VENCalculatorInputViewSample-Prefix.pch";
				INFOPLIST_FILE = "VENCalculatorInputViewSample/VENCalculatorInputViewSample-Info.plist";
				PRODUCT_NAME = "$(TARGET_NAME)";
				WRAPPER_EXTENSION = app;
			};
			name = Release;
		};
		B64A637D18AAB09A0091A465 /* Debug */ = {
			isa = XCBuildConfiguration;
			buildSettings = {
				ARCHS = "$(ARCHS_STANDARD_INCLUDING_64_BIT)";
				BUNDLE_LOADER = "$(BUILT_PRODUCTS_DIR)/VENCalculatorInputViewSample.app/VENCalculatorInputViewSample";
				FRAMEWORK_SEARCH_PATHS = (
					"$(SDKROOT)/Developer/Library/Frameworks",
					"$(inherited)",
					"$(DEVELOPER_FRAMEWORKS_DIR)",
				);
				GCC_PRECOMPILE_PREFIX_HEADER = YES;
				GCC_PREFIX_HEADER = "VENCalculatorInputViewSample/VENCalculatorInputViewSample-Prefix.pch";
				GCC_PREPROCESSOR_DEFINITIONS = (
					"DEBUG=1",
					"$(inherited)",
				);
				INFOPLIST_FILE = "VENCalculatorInputViewSampleTests/VENCalculatorInputViewSampleTests-Info.plist";
				PRODUCT_NAME = "$(TARGET_NAME)";
				TEST_HOST = "$(BUNDLE_LOADER)";
				WRAPPER_EXTENSION = xctest;
			};
			name = Debug;
		};
		B64A637E18AAB09A0091A465 /* Release */ = {
			isa = XCBuildConfiguration;
			buildSettings = {
				ARCHS = "$(ARCHS_STANDARD_INCLUDING_64_BIT)";
				BUNDLE_LOADER = "$(BUILT_PRODUCTS_DIR)/VENCalculatorInputViewSample.app/VENCalculatorInputViewSample";
				FRAMEWORK_SEARCH_PATHS = (
					"$(SDKROOT)/Developer/Library/Frameworks",
					"$(inherited)",
					"$(DEVELOPER_FRAMEWORKS_DIR)",
				);
				GCC_PRECOMPILE_PREFIX_HEADER = YES;
				GCC_PREFIX_HEADER = "VENCalculatorInputViewSample/VENCalculatorInputViewSample-Prefix.pch";
				INFOPLIST_FILE = "VENCalculatorInputViewSampleTests/VENCalculatorInputViewSampleTests-Info.plist";
				PRODUCT_NAME = "$(TARGET_NAME)";
				TEST_HOST = "$(BUNDLE_LOADER)";
				WRAPPER_EXTENSION = xctest;
			};
			name = Release;
		};
/* End XCBuildConfiguration section */

/* Begin XCConfigurationList section */
		B64A634218AAB0990091A465 /* Build configuration list for PBXProject "VENCalculatorInputViewSample" */ = {
			isa = XCConfigurationList;
			buildConfigurations = (
				B64A637718AAB09A0091A465 /* Debug */,
				B64A637818AAB09A0091A465 /* Release */,
			);
			defaultConfigurationIsVisible = 0;
			defaultConfigurationName = Release;
		};
		B64A637918AAB09A0091A465 /* Build configuration list for PBXNativeTarget "VENCalculatorInputViewSample" */ = {
			isa = XCConfigurationList;
			buildConfigurations = (
				B64A637A18AAB09A0091A465 /* Debug */,
				B64A637B18AAB09A0091A465 /* Release */,
			);
			defaultConfigurationIsVisible = 0;
			defaultConfigurationName = Release;
		};
		B64A637C18AAB09A0091A465 /* Build configuration list for PBXNativeTarget "VENCalculatorInputViewSampleTests" */ = {
			isa = XCConfigurationList;
			buildConfigurations = (
				B64A637D18AAB09A0091A465 /* Debug */,
				B64A637E18AAB09A0091A465 /* Release */,
			);
			defaultConfigurationIsVisible = 0;
			defaultConfigurationName = Release;
		};
/* End XCConfigurationList section */
	};
	rootObject = B64A633F18AAB0990091A465 /* Project object */;
}
