PODS:
  - VENCalculatorInputView (1.0.0)

DEPENDENCIES:
  - VENCalculatorInputView (from `../VENCalculatorInputView.podspec`)

EXTERNAL SOURCES:
  VENCalculatorInputView:
    :path: ../VENCalculatorInputView.podspec

SPEC CHECKSUMS:
  VENCalculatorInputView: 7c5a5bad0b5ce491b89a55fa9393aae49e0823ec

COCOAPODS: 0.29.0
