PODS:
  - VENCalculatorInputView (1.0.0)

DEPENDENCIES:
  - VENCalculatorInputView (from `../VENCalculatorInputView.podspec`)

EXTERNAL SOURCES:
  VENCalculatorInputView:
    :path: ../VENCalculatorInputView.podspec

SPEC CHECKSUMS:
  VENCalculatorInputView: db37790d9cc920b98c406210e0e2199367d4ab0b

COCOAPODS: 0.29.0
